
Microsoft Visual Studio Solution File, Format Version 12.00
# Visual Studio Version 17
VisualStudioVersion = 17.7.34031.279
MinimumVisualStudioVersion = 10.0.40219.1
Project("{FAE04EC0-301F-11D3-BF4B-00C04F79EFBC}") = "ProjectFolderCreatorWPF", "ProjectFolderCreatorWPF\ProjectFolderCreatorWPF.csproj", "{0AEF36EB-3238-45FA-B594-7CF00D507805}"
EndProject
Global
	GlobalSection(SolutionConfigurationPlatforms) = preSolution
		Debug|Any CPU = Debug|Any CPU
		Release|Any CPU = Release|Any CPU
	EndGlobalSection
	GlobalSection(ProjectConfigurationPlatforms) = postSolution
		{0AEF36EB-3238-45FA-B594-7CF00D507805}.Debug|Any CPU.ActiveCfg = Debug|Any CPU
		{0AEF36EB-3238-45FA-B594-7CF00D507805}.Debug|Any CPU.Build.0 = Debug|Any CPU
		{0AEF36EB-3238-45FA-B594-7CF00D507805}.Release|Any CPU.ActiveCfg = Release|Any CPU
		{0AEF36EB-3238-45FA-B594-7CF00D507805}.Release|Any CPU.Build.0 = Release|Any CPU
	EndGlobalSection
	GlobalSection(SolutionProperties) = preSolution
		HideSolutionNode = FALSE
	EndGlobalSection
	GlobalSection(ExtensibilityGlobals) = postSolution
		SolutionGuid = {90A58F22-5246-4AEA-A25E-783A7B029827}
	EndGlobalSection
EndGlobal
